// !$*UTF8*$!
{
	archiveVersion = 1;
	classes = {
	};
	objectVersion = 50;
	objects = {

/* Begin PBXBuildFile section */
		FC2B0334250052BA005CE853 /* AppDelegate.swift in Sources */ = {isa = PBXBuildFile; fileRef = FC2B0333250052BA005CE853 /* AppDelegate.swift */; };
		FC2B0336250052BA005CE853 /* SceneDelegate.swift in Sources */ = {isa = PBXBuildFile; fileRef = FC2B0335250052BA005CE853 /* SceneDelegate.swift */; };
		FC2B0338250052BA005CE853 /* ContentView.swift in Sources */ = {isa = PBXBuildFile; fileRef = FC2B0337250052BA005CE853 /* ContentView.swift */; };
		FC2B033A250052BA005CE853 /* Assets.xcassets in Resources */ = {isa = PBXBuildFile; fileRef = FC2B0339250052BA005CE853 /* Assets.xcassets */; };
		FC2B033D250052BA005CE853 /* Preview Assets.xcassets in Resources */ = {isa = PBXBuildFile; fileRef = FC2B033C250052BA005CE853 /* Preview Assets.xcassets */; };
		FC2B0340250052BA005CE853 /* LaunchScreen.storyboard in Resources */ = {isa = PBXBuildFile; fileRef = FC2B033E250052BA005CE853 /* LaunchScreen.storyboard */; };
		FC2B034B250052BA005CE853 /* Adventure_1Tests.swift in Sources */ = {isa = PBXBuildFile; fileRef = FC2B034A250052BA005CE853 /* Adventure_1Tests.swift */; };
		FC2B0356250052BA005CE853 /* Adventure_1UITests.swift in Sources */ = {isa = PBXBuildFile; fileRef = FC2B0355250052BA005CE853 /* Adventure_1UITests.swift */; };
/* End PBXBuildFile section */

/* Begin PBXContainerItemProxy section */
		FC2B0347250052BA005CE853 /* PBXContainerItemProxy */ = {
			isa = PBXContainerItemProxy;
			containerPortal = FC2B0328250052BA005CE853 /* Project object */;
			proxyType = 1;
			remoteGlobalIDString = FC2B032F250052BA005CE853;
			remoteInfo = Adventure_1;
		};
		FC2B0352250052BA005CE853 /* PBXContainerItemProxy */ = {
			isa = PBXContainerItemProxy;
			containerPortal = FC2B0328250052BA005CE853 /* Project object */;
			proxyType = 1;
			remoteGlobalIDString = FC2B032F250052BA005CE853;
			remoteInfo = Adventure_1;
		};
/* End PBXContainerItemProxy section */

/* Begin PBXFileReference section */
		FC2B0330250052BA005CE853 /* Adventure_1.app */ = {isa = PBXFileReference; explicitFileType = wrapper.application; includeInIndex = 0; path = Adventure_1.app; sourceTree = BUILT_PRODUCTS_DIR; };
		FC2B0333250052BA005CE853 /* AppDelegate.swift */ = {isa = PBXFileReference; lastKnownFileType = sourcecode.swift; path = AppDelegate.swift; sourceTree = "<group>"; };
		FC2B0335250052BA005CE853 /* SceneDelegate.swift */ = {isa = PBXFileReference; lastKnownFileType = sourcecode.swift; path = SceneDelegate.swift; sourceTree = "<group>"; };
		FC2B0337250052BA005CE853 /* ContentView.swift */ = {isa = PBXFileReference; lastKnownFileType = sourcecode.swift; path = ContentView.swift; sourceTree = "<group>"; };
		FC2B0339250052BA005CE853 /* Assets.xcassets */ = {isa = PBXFileReference; lastKnownFileType = folder.assetcatalog; path = Assets.xcassets; sourceTree = "<group>"; };
		FC2B033C250052BA005CE853 /* Preview Assets.xcassets */ = {isa = PBXFileReference; lastKnownFileType = folder.assetcatalog; path = "Preview Assets.xcassets"; sourceTree = "<group>"; };
		FC2B033F250052BA005CE853 /* Base */ = {isa = PBXFileReference; lastKnownFileType = file.storyboard; name = Base; path = Base.lproj/LaunchScreen.storyboard; sourceTree = "<group>"; };
		FC2B0341250052BA005CE853 /* Info.plist */ = {isa = PBXFileReference; lastKnownFileType = text.plist.xml; path = Info.plist; sourceTree = "<group>"; };
		FC2B0346250052BA005CE853 /* Adventure_1Tests.xctest */ = {isa = PBXFileReference; explicitFileType = wrapper.cfbundle; includeInIndex = 0; path = Adventure_1Tests.xctest; sourceTree = BUILT_PRODUCTS_DIR; };
		FC2B034A250052BA005CE853 /* Adventure_1Tests.swift */ = {isa = PBXFileReference; lastKnownFileType = sourcecode.swift; path = Adventure_1Tests.swift; sourceTree = "<group>"; };
		FC2B034C250052BA005CE853 /* Info.plist */ = {isa = PBXFileReference; lastKnownFileType = text.plist.xml; path = Info.plist; sourceTree = "<group>"; };
		FC2B0351250052BA005CE853 /* Adventure_1UITests.xctest */ = {isa = PBXFileReference; explicitFileType = wrapper.cfbundle; includeInIndex = 0; path = Adventure_1UITests.xctest; sourceTree = BUILT_PRODUCTS_DIR; };
		FC2B0355250052BA005CE853 /* Adventure_1UITests.swift */ = {isa = PBXFileReference; lastKnownFileType = sourcecode.swift; path = Adventure_1UITests.swift; sourceTree = "<group>"; };
		FC2B0357250052BA005CE853 /* Info.plist */ = {isa = PBXFileReference; lastKnownFileType = text.plist.xml; path = Info.plist; sourceTree = "<group>"; };
/* End PBXFileReference section */

/* Begin PBXFrameworksBuildPhase section */
		FC2B032D250052BA005CE853 /* Frameworks */ = {
			isa = PBXFrameworksBuildPhase;
			buildActionMask = 2147483647;
			files = (
			);
			runOnlyForDeploymentPostprocessing = 0;
		};
		FC2B0343250052BA005CE853 /* Frameworks */ = {
			isa = PBXFrameworksBuildPhase;
			buildActionMask = 2147483647;
			files = (
			);
			runOnlyForDeploymentPostprocessing = 0;
		};
		FC2B034E250052BA005CE853 /* Frameworks */ = {
			isa = PBXFrameworksBuildPhase;
			buildActionMask = 2147483647;
			files = (
			);
			runOnlyForDeploymentPostprocessing = 0;
		};
/* End PBXFrameworksBuildPhase section */

/* Begin PBXGroup section */
		FC2B0327250052BA005CE853 = {
			isa = PBXGroup;
			children = (
				FC2B0332250052BA005CE853 /* Adventure_1 */,
				FC2B0349250052BA005CE853 /* Adventure_1Tests */,
				FC2B0354250052BA005CE853 /* Adventure_1UITests */,
				FC2B0331250052BA005CE853 /* Products */,
			);
			sourceTree = "<group>";
		};
		FC2B0331250052BA005CE853 /* Products */ = {
			isa = PBXGroup;
			children = (
				FC2B0330250052BA005CE853 /* Adventure_1.app */,
				FC2B0346250052BA005CE853 /* Adventure_1Tests.xctest */,
				FC2B0351250052BA005CE853 /* Adventure_1UITests.xctest */,
			);
			name = Products;
			sourceTree = "<group>";
		};
		FC2B0332250052BA005CE853 /* Adventure_1 */ = {
			isa = PBXGroup;
			children = (
				FC2B0333250052BA005CE853 /* AppDelegate.swift */,
				FC2B0335250052BA005CE853 /* SceneDelegate.swift */,
				FC2B0337250052BA005CE853 /* ContentView.swift */,
				FC2B0339250052BA005CE853 /* Assets.xcassets */,
				FC2B033E250052BA005CE853 /* LaunchScreen.storyboard */,
				FC2B0341250052BA005CE853 /* Info.plist */,
				FC2B033B250052BA005CE853 /* Preview Content */,
			);
			path = Adventure_1;
			sourceTree = "<group>";
		};
		FC2B033B250052BA005CE853 /* Preview Content */ = {
			isa = PBXGroup;
			children = (
				FC2B033C250052BA005CE853 /* Preview Assets.xcassets */,
			);
			path = "Preview Content";
			sourceTree = "<group>";
		};
		FC2B0349250052BA005CE853 /* Adventure_1Tests */ = {
			isa = PBXGroup;
			children = (
				FC2B034A250052BA005CE853 /* Adventure_1Tests.swift */,
				FC2B034C250052BA005CE853 /* Info.plist */,
			);
			path = Adventure_1Tests;
			sourceTree = "<group>";
		};
		FC2B0354250052BA005CE853 /* Adventure_1UITests */ = {
			isa = PBXGroup;
			children = (
				FC2B0355250052BA005CE853 /* Adventure_1UITests.swift */,
				FC2B0357250052BA005CE853 /* Info.plist */,
			);
			path = Adventure_1UITests;
			sourceTree = "<group>";
		};
/* End PBXGroup section */

/* Begin PBXNativeTarget section */
		FC2B032F250052BA005CE853 /* Adventure_1 */ = {
			isa = PBXNativeTarget;
			buildConfigurationList = FC2B035A250052BA005CE853 /* Build configuration list for PBXNativeTarget "Adventure_1" */;
			buildPhases = (
				FC2B032C250052BA005CE853 /* Sources */,
				FC2B032D250052BA005CE853 /* Frameworks */,
				FC2B032E250052BA005CE853 /* Resources */,
			);
			buildRules = (
			);
			dependencies = (
			);
			name = Adventure_1;
			productName = Adventure_1;
			productReference = FC2B0330250052BA005CE853 /* Adventure_1.app */;
			productType = "com.apple.product-type.application";
		};
		FC2B0345250052BA005CE853 /* Adventure_1Tests */ = {
			isa = PBXNativeTarget;
			buildConfigurationList = FC2B035D250052BA005CE853 /* Build configuration list for PBXNativeTarget "Adventure_1Tests" */;
			buildPhases = (
				FC2B0342250052BA005CE853 /* Sources */,
				FC2B0343250052BA005CE853 /* Frameworks */,
				FC2B0344250052BA005CE853 /* Resources */,
			);
			buildRules = (
			);
			dependencies = (
				FC2B0348250052BA005CE853 /* PBXTargetDependency */,
			);
			name = Adventure_1Tests;
			productName = Adventure_1Tests;
			productReference = FC2B0346250052BA005CE853 /* Adventure_1Tests.xctest */;
			productType = "com.apple.product-type.bundle.unit-test";
		};
		FC2B0350250052BA005CE853 /* Adventure_1UITests */ = {
			isa = PBXNativeTarget;
			buildConfigurationList = FC2B0360250052BA005CE853 /* Build configuration list for PBXNativeTarget "Adventure_1UITests" */;
			buildPhases = (
				FC2B034D250052BA005CE853 /* Sources */,
				FC2B034E250052BA005CE853 /* Frameworks */,
				FC2B034F250052BA005CE853 /* Resources */,
			);
			buildRules = (
			);
			dependencies = (
				FC2B0353250052BA005CE853 /* PBXTargetDependency */,
			);
			name = Adventure_1UITests;
			productName = Adventure_1UITests;
			productReference = FC2B0351250052BA005CE853 /* Adventure_1UITests.xctest */;
			productType = "com.apple.product-type.bundle.ui-testing";
		};
/* End PBXNativeTarget section */

/* Begin PBXProject section */
		FC2B0328250052BA005CE853 /* Project object */ = {
			isa = PBXProject;
			attributes = {
				LastSwiftUpdateCheck = 1170;
				LastUpgradeCheck = 1170;
				ORGANIZATIONNAME = "Tom Gillis SVII";
				TargetAttributes = {
					FC2B032F250052BA005CE853 = {
						CreatedOnToolsVersion = 11.7;
					};
					FC2B0345250052BA005CE853 = {
						CreatedOnToolsVersion = 11.7;
						TestTargetID = FC2B032F250052BA005CE853;
					};
					FC2B0350250052BA005CE853 = {
						CreatedOnToolsVersion = 11.7;
						TestTargetID = FC2B032F250052BA005CE853;
					};
				};
			};
			buildConfigurationList = FC2B032B250052BA005CE853 /* Build configuration list for PBXProject "Adventure_1" */;
			compatibilityVersion = "Xcode 9.3";
			developmentRegion = en;
			hasScannedForEncodings = 0;
			knownRegions = (
				en,
				Base,
			);
			mainGroup = FC2B0327250052BA005CE853;
			productRefGroup = FC2B0331250052BA005CE853 /* Products */;
			projectDirPath = "";
			projectRoot = "";
			targets = (
				FC2B032F250052BA005CE853 /* Adventure_1 */,
				FC2B0345250052BA005CE853 /* Adventure_1Tests */,
				FC2B0350250052BA005CE853 /* Adventure_1UITests */,
			);
		};
/* End PBXProject section */

/* Begin PBXResourcesBuildPhase section */
		FC2B032E250052BA005CE853 /* Resources */ = {
			isa = PBXResourcesBuildPhase;
			buildActionMask = 2147483647;
			files = (
				FC2B0340250052BA005CE853 /* LaunchScreen.storyboard in Resources */,
				FC2B033D250052BA005CE853 /* Preview Assets.xcassets in Resources */,
				FC2B033A250052BA005CE853 /* Assets.xcassets in Resources */,
			);
			runOnlyForDeploymentPostprocessing = 0;
		};
		FC2B0344250052BA005CE853 /* Resources */ = {
			isa = PBXResourcesBuildPhase;
			buildActionMask = 2147483647;
			files = (
			);
			runOnlyForDeploymentPostprocessing = 0;
		};
		FC2B034F250052BA005CE853 /* Resources */ = {
			isa = PBXResourcesBuildPhase;
			buildActionMask = 2147483647;
			files = (
			);
			runOnlyForDeploymentPostprocessing = 0;
		};
/* End PBXResourcesBuildPhase section */

/* Begin PBXSourcesBuildPhase section */
		FC2B032C250052BA005CE853 /* Sources */ = {
			isa = PBXSourcesBuildPhase;
			buildActionMask = 2147483647;
			files = (
				FC2B0334250052BA005CE853 /* AppDelegate.swift in Sources */,
				FC2B0336250052BA005CE853 /* SceneDelegate.swift in Sources */,
				FC2B0338250052BA005CE853 /* ContentView.swift in Sources */,
			);
			runOnlyForDeploymentPostprocessing = 0;
		};
		FC2B0342250052BA005CE853 /* Sources */ = {
			isa = PBXSourcesBuildPhase;
			buildActionMask = 2147483647;
			files = (
				FC2B034B250052BA005CE853 /* Adventure_1Tests.swift in Sources */,
			);
			runOnlyForDeploymentPostprocessing = 0;
		};
		FC2B034D250052BA005CE853 /* Sources */ = {
			isa = PBXSourcesBuildPhase;
			buildActionMask = 2147483647;
			files = (
				FC2B0356250052BA005CE853 /* Adventure_1UITests.swift in Sources */,
			);
			runOnlyForDeploymentPostprocessing = 0;
		};
/* End PBXSourcesBuildPhase section */

/* Begin PBXTargetDependency section */
		FC2B0348250052BA005CE853 /* PBXTargetDependency */ = {
			isa = PBXTargetDependency;
			target = FC2B032F250052BA005CE853 /* Adventure_1 */;
			targetProxy = FC2B0347250052BA005CE853 /* PBXContainerItemProxy */;
		};
		FC2B0353250052BA005CE853 /* PBXTargetDependency */ = {
			isa = PBXTargetDependency;
			target = FC2B032F250052BA005CE853 /* Adventure_1 */;
			targetProxy = FC2B0352250052BA005CE853 /* PBXContainerItemProxy */;
		};
/* End PBXTargetDependency section */

/* Begin PBXVariantGroup section */
		FC2B033E250052BA005CE853 /* LaunchScreen.storyboard */ = {
			isa = PBXVariantGroup;
			children = (
				FC2B033F250052BA005CE853 /* Base */,
			);
			name = LaunchScreen.storyboard;
			sourceTree = "<group>";
		};
/* End PBXVariantGroup section */

/* Begin XCBuildConfiguration section */
		FC2B0358250052BA005CE853 /* Debug */ = {
			isa = XCBuildConfiguration;
			buildSettings = {
				ALWAYS_SEARCH_USER_PATHS = NO;
				CLANG_ANALYZER_NONNULL = YES;
				CLANG_ANALYZER_NUMBER_OBJECT_CONVERSION = YES_AGGRESSIVE;
				CLANG_CXX_LANGUAGE_STANDARD = "gnu++14";
				CLANG_CXX_LIBRARY = "libc++";
				CLANG_ENABLE_MODULES = YES;
				CLANG_ENABLE_OBJC_ARC = YES;
				CLANG_ENABLE_OBJC_WEAK = YES;
				CLANG_WARN_BLOCK_CAPTURE_AUTORELEASING = YES;
				CLANG_WARN_BOOL_CONVERSION = YES;
				CLANG_WARN_COMMA = YES;
				CLANG_WARN_CONSTANT_CONVERSION = YES;
				CLANG_WARN_DEPRECATED_OBJC_IMPLEMENTATIONS = YES;
				CLANG_WARN_DIRECT_OBJC_ISA_USAGE = YES_ERROR;
				CLANG_WARN_DOCUMENTATION_COMMENTS = YES;
				CLANG_WARN_EMPTY_BODY = YES;
				CLANG_WARN_ENUM_CONVERSION = YES;
				CLANG_WARN_INFINITE_RECURSION = YES;
				CLANG_WARN_INT_CONVERSION = YES;
				CLANG_WARN_NON_LITERAL_NULL_CONVERSION = YES;
				CLANG_WARN_OBJC_IMPLICIT_RETAIN_SELF = YES;
				CLANG_WARN_OBJC_LITERAL_CONVERSION = YES;
				CLANG_WARN_OBJC_ROOT_CLASS = YES_ERROR;
				CLANG_WARN_RANGE_LOOP_ANALYSIS = YES;
				CLANG_WARN_STRICT_PROTOTYPES = YES;
				CLANG_WARN_SUSPICIOUS_MOVE = YES;
				CLANG_WARN_UNGUARDED_AVAILABILITY = YES_AGGRESSIVE;
				CLANG_WARN_UNREACHABLE_CODE = YES;
				CLANG_WARN__DUPLICATE_METHOD_MATCH = YES;
				COPY_PHASE_STRIP = NO;
				DEBUG_INFORMATION_FORMAT = dwarf;
				ENABLE_STRICT_OBJC_MSGSEND = YES;
				ENABLE_TESTABILITY = YES;
				GCC_C_LANGUAGE_STANDARD = gnu11;
				GCC_DYNAMIC_NO_PIC = NO;
				GCC_NO_COMMON_BLOCKS = YES;
				GCC_OPTIMIZATION_LEVEL = 0;
				GCC_PREPROCESSOR_DEFINITIONS = (
					"DEBUG=1",
					"$(inherited)",
				);
				GCC_WARN_64_TO_32_BIT_CONVERSION = YES;
				GCC_WARN_ABOUT_RETURN_TYPE = YES_ERROR;
				GCC_WARN_UNDECLARED_SELECTOR = YES;
				GCC_WARN_UNINITIALIZED_AUTOS = YES_AGGRESSIVE;
				GCC_WARN_UNUSED_FUNCTION = YES;
				GCC_WARN_UNUSED_VARIABLE = YES;
				IPHONEOS_DEPLOYMENT_TARGET = 13.7;
				MTL_ENABLE_DEBUG_INFO = INCLUDE_SOURCE;
				MTL_FAST_MATH = YES;
				ONLY_ACTIVE_ARCH = YES;
				SDKROOT = iphoneos;
				SWIFT_ACTIVE_COMPILATION_CONDITIONS = DEBUG;
				SWIFT_OPTIMIZATION_LEVEL = "-Onone";
			};
			name = Debug;
		};
		FC2B0359250052BA005CE853 /* Release */ = {
			isa = XCBuildConfiguration;
			buildSettings = {
				ALWAYS_SEARCH_USER_PATHS = NO;
				CLANG_ANALYZER_NONNULL = YES;
				CLANG_ANALYZER_NUMBER_OBJECT_CONVERSION = YES_AGGRESSIVE;
				CLANG_CXX_LANGUAGE_STANDARD = "gnu++14";
				CLANG_CXX_LIBRARY = "libc++";
				CLANG_ENABLE_MODULES = YES;
				CLANG_ENABLE_OBJC_ARC = YES;
				CLANG_ENABLE_OBJC_WEAK = YES;
				CLANG_WARN_BLOCK_CAPTURE_AUTORELEASING = YES;
				CLANG_WARN_BOOL_CONVERSION = YES;
				CLANG_WARN_COMMA = YES;
				CLANG_WARN_CONSTANT_CONVERSION = YES;
				CLANG_WARN_DEPRECATED_OBJC_IMPLEMENTATIONS = YES;
				CLANG_WARN_DIRECT_OBJC_ISA_USAGE = YES_ERROR;
				CLANG_WARN_DOCUMENTATION_COMMENTS = YES;
				CLANG_WARN_EMPTY_BODY = YES;
				CLANG_WARN_ENUM_CONVERSION = YES;
				CLANG_WARN_INFINITE_RECURSION = YES;
				CLANG_WARN_INT_CONVERSION = YES;
				CLANG_WARN_NON_LITERAL_NULL_CONVERSION = YES;
				CLANG_WARN_OBJC_IMPLICIT_RETAIN_SELF = YES;
				CLANG_WARN_OBJC_LITERAL_CONVERSION = YES;
				CLANG_WARN_OBJC_ROOT_CLASS = YES_ERROR;
				CLANG_WARN_RANGE_LOOP_ANALYSIS = YES;
				CLANG_WARN_STRICT_PROTOTYPES = YES;
				CLANG_WARN_SUSPICIOUS_MOVE = YES;
				CLANG_WARN_UNGUARDED_AVAILABILITY = YES_AGGRESSIVE;
				CLANG_WARN_UNREACHABLE_CODE = YES;
				CLANG_WARN__DUPLICATE_METHOD_MATCH = YES;
				COPY_PHASE_STRIP = NO;
				DEBUG_INFORMATION_FORMAT = "dwarf-with-dsym";
				ENABLE_NS_ASSERTIONS = NO;
				ENABLE_STRICT_OBJC_MSGSEND = YES;
				GCC_C_LANGUAGE_STANDARD = gnu11;
				GCC_NO_COMMON_BLOCKS = YES;
				GCC_WARN_64_TO_32_BIT_CONVERSION = YES;
				GCC_WARN_ABOUT_RETURN_TYPE = YES_ERROR;
				GCC_WARN_UNDECLARED_SELECTOR = YES;
				GCC_WARN_UNINITIALIZED_AUTOS = YES_AGGRESSIVE;
				GCC_WARN_UNUSED_FUNCTION = YES;
				GCC_WARN_UNUSED_VARIABLE = YES;
				IPHONEOS_DEPLOYMENT_TARGET = 13.7;
				MTL_ENABLE_DEBUG_INFO = NO;
				MTL_FAST_MATH = YES;
				SDKROOT = iphoneos;
				SWIFT_COMPILATION_MODE = wholemodule;
				SWIFT_OPTIMIZATION_LEVEL = "-O";
				VALIDATE_PRODUCT = YES;
			};
			name = Release;
		};
		FC2B035B250052BA005CE853 /* Debug */ = {
			isa = XCBuildConfiguration;
			buildSettings = {
				ASSETCATALOG_COMPILER_APPICON_NAME = AppIcon;
				CODE_SIGN_STYLE = Automatic;
				DEVELOPMENT_ASSET_PATHS = "\"Adventure_1/Preview Content\"";
				ENABLE_PREVIEWS = YES;
				INFOPLIST_FILE = Adventure_1/Info.plist;
				LD_RUNPATH_SEARCH_PATHS = (
					"$(inherited)",
					"@executable_path/Frameworks",
				);
				PRODUCT_BUNDLE_IDENTIFIER = "com.svii.Adventure-1";
				PRODUCT_NAME = "$(TARGET_NAME)";
				SWIFT_VERSION = 5.0;
				TARGETED_DEVICE_FAMILY = 2;
			};
			name = Debug;
		};
		FC2B035C250052BA005CE853 /* Release */ = {
			isa = XCBuildConfiguration;
			buildSettings = {
				ASSETCATALOG_COMPILER_APPICON_NAME = AppIcon;
				CODE_SIGN_STYLE = Automatic;
				DEVELOPMENT_ASSET_PATHS = "\"Adventure_1/Preview Content\"";
				ENABLE_PREVIEWS = YES;
				INFOPLIST_FILE = Adventure_1/Info.plist;
				LD_RUNPATH_SEARCH_PATHS = (
					"$(inherited)",
					"@executable_path/Frameworks",
				);
				PRODUCT_BUNDLE_IDENTIFIER = "com.svii.Adventure-1";
				PRODUCT_NAME = "$(TARGET_NAME)";
				SWIFT_VERSION = 5.0;
				TARGETED_DEVICE_FAMILY = 2;
			};
			name = Release;
		};
		FC2B035E250052BA005CE853 /* Debug */ = {
			isa = XCBuildConfiguration;
			buildSettings = {
				ALWAYS_EMBED_SWIFT_STANDARD_LIBRARIES = YES;
				BUNDLE_LOADER = "$(TEST_HOST)";
				CODE_SIGN_STYLE = Automatic;
				INFOPLIST_FILE = Adventure_1Tests/Info.plist;
				IPHONEOS_DEPLOYMENT_TARGET = 13.7;
				LD_RUNPATH_SEARCH_PATHS = (
					"$(inherited)",
					"@executable_path/Frameworks",
					"@loader_path/Frameworks",
				);
				PRODUCT_BUNDLE_IDENTIFIER = "com.svii.Adventure-1Tests";
				PRODUCT_NAME = "$(TARGET_NAME)";
				SWIFT_VERSION = 5.0;
				TARGETED_DEVICE_FAMILY = "1,2";
				TEST_HOST = "$(BUILT_PRODUCTS_DIR)/Adventure_1.app/Adventure_1";
			};
			name = Debug;
		};
		FC2B035F250052BA005CE853 /* Release */ = {
			isa = XCBuildConfiguration;
			buildSettings = {
				ALWAYS_EMBED_SWIFT_STANDARD_LIBRARIES = YES;
				BUNDLE_LOADER = "$(TEST_HOST)";
				CODE_SIGN_STYLE = Automatic;
				INFOPLIST_FILE = Adventure_1Tests/Info.plist;
				IPHONEOS_DEPLOYMENT_TARGET = 13.7;
				LD_RUNPATH_SEARCH_PATHS = (
					"$(inherited)",
					"@executable_path/Frameworks",
					"@loader_path/Frameworks",
				);
				PRODUCT_BUNDLE_IDENTIFIER = "com.svii.Adventure-1Tests";
				PRODUCT_NAME = "$(TARGET_NAME)";
				SWIFT_VERSION = 5.0;
				TARGETED_DEVICE_FAMILY = "1,2";
				TEST_HOST = "$(BUILT_PRODUCTS_DIR)/Adventure_1.app/Adventure_1";
			};
			name = Release;
		};
		FC2B0361250052BA005CE853 /* Debug */ = {
			isa = XCBuildConfiguration;
			buildSettings = {
				ALWAYS_EMBED_SWIFT_STANDARD_LIBRARIES = YES;
				CODE_SIGN_STYLE = Automatic;
				INFOPLIST_FILE = Adventure_1UITests/Info.plist;
				LD_RUNPATH_SEARCH_PATHS = (
					"$(inherited)",
					"@executable_path/Frameworks",
					"@loader_path/Frameworks",
				);
				PRODUCT_BUNDLE_IDENTIFIER = "com.svii.Adventure-1UITests";
				PRODUCT_NAME = "$(TARGET_NAME)";
				SWIFT_VERSION = 5.0;
				TARGETED_DEVICE_FAMILY = "1,2";
				TEST_TARGET_NAME = Adventure_1;
			};
			name = Debug;
		};
		FC2B0362250052BA005CE853 /* Release */ = {
			isa = XCBuildConfiguration;
			buildSettings = {
				ALWAYS_EMBED_SWIFT_STANDARD_LIBRARIES = YES;
				CODE_SIGN_STYLE = Automatic;
				INFOPLIST_FILE = Adventure_1UITests/Info.plist;
				LD_RUNPATH_SEARCH_PATHS = (
					"$(inherited)",
					"@executable_path/Frameworks",
					"@loader_path/Frameworks",
				);
				PRODUCT_BUNDLE_IDENTIFIER = "com.svii.Adventure-1UITests";
				PRODUCT_NAME = "$(TARGET_NAME)";
				SWIFT_VERSION = 5.0;
				TARGETED_DEVICE_FAMILY = "1,2";
				TEST_TARGET_NAME = Adventure_1;
			};
			name = Release;
		};
/* End XCBuildConfiguration section */

/* Begin XCConfigurationList section */
		FC2B032B250052BA005CE853 /* Build configuration list for PBXProject "Adventure_1" */ = {
			isa = XCConfigurationList;
			buildConfigurations = (
				FC2B0358250052BA005CE853 /* Debug */,
				FC2B0359250052BA005CE853 /* Release */,
			);
			defaultConfigurationIsVisible = 0;
			defaultConfigurationName = Release;
		};
		FC2B035A250052BA005CE853 /* Build configuration list for PBXNativeTarget "Adventure_1" */ = {
			isa = XCConfigurationList;
			buildConfigurations = (
				FC2B035B250052BA005CE853 /* Debug */,
				FC2B035C250052BA005CE853 /* Release */,
			);
			defaultConfigurationIsVisible = 0;
			defaultConfigurationName = Release;
		};
		FC2B035D250052BA005CE853 /* Build configuration list for PBXNativeTarget "Adventure_1Tests" */ = {
			isa = XCConfigurationList;
			buildConfigurations = (
				FC2B035E250052BA005CE853 /* Debug */,
				FC2B035F250052BA005CE853 /* Release */,
			);
			defaultConfigurationIsVisible = 0;
			defaultConfigurationName = Release;
		};
		FC2B0360250052BA005CE853 /* Build configuration list for PBXNativeTarget "Adventure_1UITests" */ = {
			isa = XCConfigurationList;
			buildConfigurations = (
				FC2B0361250052BA005CE853 /* Debug */,
				FC2B0362250052BA005CE853 /* Release */,
			);
			defaultConfigurationIsVisible = 0;
			defaultConfigurationName = Release;
		};
/* End XCConfigurationList section */
	};
	rootObject = FC2B0328250052BA005CE853 /* Project object */;
}
